PODS:
  - AsyncSwift (1.7.2)
  - Caravel (1.1.0)
  - Cent (5.0.0):
    - Dollar (~> 5.0.0)
  - Dollar (5.0.0)
  - R.swift (0.12.0)
  - SwiftyTimer (1.3.1)

DEPENDENCIES:
  - AsyncSwift
  - Caravel
  - Cent
  - Dollar
  - R.swift (= 0.12.0)
  - SwiftyTimer

SPEC CHECKSUMS:
  AsyncSwift: 46a78bceb11f0e5bb52747f740d9692ec78d2d7c
  Caravel: f04260108efe3697e36267b645ce43340e04f55d
  Cent: 4bfbe6037d911c0491425ae1ff8057404050fbb2
  Dollar: 310893dd6b3799b9b155e3deb61a0492987e4d03
  R.swift: 8d8a9f0cb36462d0dff82b70cc2c0396add668fe
  SwiftyTimer: 50ad01c66721479709b41042e422ee852c185b13

COCOAPODS: 0.39.0
