// !$*UTF8*$!
{
	archiveVersion = 1;
	classes = {
	};
	objectVersion = 46;
	objects = {

/* Begin PBXBuildFile section */
		A792B2F31C91E31A001B3BFB /* AppDelegate.swift in Sources */ = {isa = PBXBuildFile; fileRef = A792B2F21C91E31A001B3BFB /* AppDelegate.swift */; };
		A792B2F51C91E31A001B3BFB /* ViewController.swift in Sources */ = {isa = PBXBuildFile; fileRef = A792B2F41C91E31A001B3BFB /* ViewController.swift */; };
		A792B2F81C91E31A001B3BFB /* Main.storyboard in Resources */ = {isa = PBXBuildFile; fileRef = A792B2F61C91E31A001B3BFB /* Main.storyboard */; };
		A792B2FA1C91E31A001B3BFB /* Assets.xcassets in Resources */ = {isa = PBXBuildFile; fileRef = A792B2F91C91E31A001B3BFB /* Assets.xcassets */; };
		A792B2FD1C91E31A001B3BFB /* LaunchScreen.storyboard in Resources */ = {isa = PBXBuildFile; fileRef = A792B2FB1C91E31A001B3BFB /* LaunchScreen.storyboard */; };
/* End PBXBuildFile section */

/* Begin PBXFileReference section */
		A792B2EF1C91E31A001B3BFB /* Santa Maria.app */ = {isa = PBXFileReference; explicitFileType = wrapper.application; includeInIndex = 0; path = "Santa Maria.app"; sourceTree = BUILT_PRODUCTS_DIR; };
		A792B2F21C91E31A001B3BFB /* AppDelegate.swift */ = {isa = PBXFileReference; lastKnownFileType = sourcecode.swift; path = AppDelegate.swift; sourceTree = "<group>"; };
		A792B2F41C91E31A001B3BFB /* ViewController.swift */ = {isa = PBXFileReference; lastKnownFileType = sourcecode.swift; path = ViewController.swift; sourceTree = "<group>"; };
		A792B2F71C91E31A001B3BFB /* Base */ = {isa = PBXFileReference; lastKnownFileType = file.storyboard; name = Base; path = Base.lproj/Main.storyboard; sourceTree = "<group>"; };
		A792B2F91C91E31A001B3BFB /* Assets.xcassets */ = {isa = PBXFileReference; lastKnownFileType = folder.assetcatalog; path = Assets.xcassets; sourceTree = "<group>"; };
		A792B2FC1C91E31A001B3BFB /* Base */ = {isa = PBXFileReference; lastKnownFileType = file.storyboard; name = Base; path = Base.lproj/LaunchScreen.storyboard; sourceTree = "<group>"; };
		A792B2FE1C91E31A001B3BFB /* Info.plist */ = {isa = PBXFileReference; lastKnownFileType = text.plist.xml; path = Info.plist; sourceTree = "<group>"; };
/* End PBXFileReference section */

/* Begin PBXFrameworksBuildPhase section */
		A792B2EC1C91E31A001B3BFB /* Frameworks */ = {
			isa = PBXFrameworksBuildPhase;
			buildActionMask = 2147483647;
			files = (
			);
			runOnlyForDeploymentPostprocessing = 0;
		};
/* End PBXFrameworksBuildPhase section */

/* Begin PBXGroup section */
		A792B2E61C91E31A001B3BFB = {
			isa = PBXGroup;
			children = (
				A792B2F11C91E31A001B3BFB /* Santa Maria */,
				A792B2F01C91E31A001B3BFB /* Products */,
			);
			sourceTree = "<group>";
		};
		A792B2F01C91E31A001B3BFB /* Products */ = {
			isa = PBXGroup;
			children = (
				A792B2EF1C91E31A001B3BFB /* Santa Maria.app */,
			);
			name = Products;
			sourceTree = "<group>";
		};
		A792B2F11C91E31A001B3BFB /* Santa Maria */ = {
			isa = PBXGroup;
			children = (
				A792B2F21C91E31A001B3BFB /* AppDelegate.swift */,
				A792B2F41C91E31A001B3BFB /* ViewController.swift */,
				A792B2F61C91E31A001B3BFB /* Main.storyboard */,
				A792B2F91C91E31A001B3BFB /* Assets.xcassets */,
				A792B2FB1C91E31A001B3BFB /* LaunchScreen.storyboard */,
				A792B2FE1C91E31A001B3BFB /* Info.plist */,
			);
			path = "Santa Maria";
			sourceTree = "<group>";
		};
/* End PBXGroup section */

/* Begin PBXNativeTarget section */
		A792B2EE1C91E31A001B3BFB /* Santa Maria */ = {
			isa = PBXNativeTarget;
			buildConfigurationList = A792B3011C91E31A001B3BFB /* Build configuration list for PBXNativeTarget "Santa Maria" */;
			buildPhases = (
				A792B2EB1C91E31A001B3BFB /* Sources */,
				A792B2EC1C91E31A001B3BFB /* Frameworks */,
				A792B2ED1C91E31A001B3BFB /* Resources */,
			);
			buildRules = (
			);
			dependencies = (
			);
			name = "Santa Maria";
			productName = "Santa Maria";
			productReference = A792B2EF1C91E31A001B3BFB /* Santa Maria.app */;
			productType = "com.apple.product-type.application";
		};
/* End PBXNativeTarget section */

/* Begin PBXProject section */
		A792B2E71C91E31A001B3BFB /* Project object */ = {
			isa = PBXProject;
			attributes = {
				LastSwiftUpdateCheck = 0720;
				LastUpgradeCheck = 0720;
				ORGANIZATIONNAME = "Coshx Labs";
				TargetAttributes = {
					A792B2EE1C91E31A001B3BFB = {
						CreatedOnToolsVersion = 7.2.1;
					};
				};
			};
			buildConfigurationList = A792B2EA1C91E31A001B3BFB /* Build configuration list for PBXProject "Santa Maria" */;
			compatibilityVersion = "Xcode 3.2";
			developmentRegion = English;
			hasScannedForEncodings = 0;
			knownRegions = (
				en,
				Base,
			);
			mainGroup = A792B2E61C91E31A001B3BFB;
			productRefGroup = A792B2F01C91E31A001B3BFB /* Products */;
			projectDirPath = "";
			projectRoot = "";
			targets = (
				A792B2EE1C91E31A001B3BFB /* Santa Maria */,
			);
		};
/* End PBXProject section */

/* Begin PBXResourcesBuildPhase section */
		A792B2ED1C91E31A001B3BFB /* Resources */ = {
			isa = PBXResourcesBuildPhase;
			buildActionMask = 2147483647;
			files = (
				A792B2FD1C91E31A001B3BFB /* LaunchScreen.storyboard in Resources */,
				A792B2FA1C91E31A001B3BFB /* Assets.xcassets in Resources */,
				A792B2F81C91E31A001B3BFB /* Main.storyboard in Resources */,
			);
			runOnlyForDeploymentPostprocessing = 0;
		};
/* End PBXResourcesBuildPhase section */

/* Begin PBXSourcesBuildPhase section */
		A792B2EB1C91E31A001B3BFB /* Sources */ = {
			isa = PBXSourcesBuildPhase;
			buildActionMask = 2147483647;
			files = (
				A792B2F51C91E31A001B3BFB /* ViewController.swift in Sources */,
				A792B2F31C91E31A001B3BFB /* AppDelegate.swift in Sources */,
			);
			runOnlyForDeploymentPostprocessing = 0;
		};
/* End PBXSourcesBuildPhase section */

/* Begin PBXVariantGroup section */
		A792B2F61C91E31A001B3BFB /* Main.storyboard */ = {
			isa = PBXVariantGroup;
			children = (
				A792B2F71C91E31A001B3BFB /* Base */,
			);
			name = Main.storyboard;
			sourceTree = "<group>";
		};
		A792B2FB1C91E31A001B3BFB /* LaunchScreen.storyboard */ = {
			isa = PBXVariantGroup;
			children = (
				A792B2FC1C91E31A001B3BFB /* Base */,
			);
			name = LaunchScreen.storyboard;
			sourceTree = "<group>";
		};
/* End PBXVariantGroup section */

/* Begin XCBuildConfiguration section */
		A792B2FF1C91E31A001B3BFB /* Debug */ = {
			isa = XCBuildConfiguration;
			buildSettings = {
				ALWAYS_SEARCH_USER_PATHS = NO;
				CLANG_CXX_LANGUAGE_STANDARD = "gnu++0x";
				CLANG_CXX_LIBRARY = "libc++";
				CLANG_ENABLE_MODULES = YES;
				CLANG_ENABLE_OBJC_ARC = YES;
				CLANG_WARN_BOOL_CONVERSION = YES;
				CLANG_WARN_CONSTANT_CONVERSION = YES;
				CLANG_WARN_DIRECT_OBJC_ISA_USAGE = YES_ERROR;
				CLANG_WARN_EMPTY_BODY = YES;
				CLANG_WARN_ENUM_CONVERSION = YES;
				CLANG_WARN_INT_CONVERSION = YES;
				CLANG_WARN_OBJC_ROOT_CLASS = YES_ERROR;
				CLANG_WARN_UNREACHABLE_CODE = YES;
				CLANG_WARN__DUPLICATE_METHOD_MATCH = YES;
				"CODE_SIGN_IDENTITY[sdk=iphoneos*]" = "iPhone Developer";
				COPY_PHASE_STRIP = NO;
				DEBUG_INFORMATION_FORMAT = dwarf;
				ENABLE_STRICT_OBJC_MSGSEND = YES;
				ENABLE_TESTABILITY = YES;
				GCC_C_LANGUAGE_STANDARD = gnu99;
				GCC_DYNAMIC_NO_PIC = NO;
				GCC_NO_COMMON_BLOCKS = YES;
				GCC_OPTIMIZATION_LEVEL = 0;
				GCC_PREPROCESSOR_DEFINITIONS = (
					"DEBUG=1",
					"$(inherited)",
				);
				GCC_WARN_64_TO_32_BIT_CONVERSION = YES;
				GCC_WARN_ABOUT_RETURN_TYPE = YES_ERROR;
				GCC_WARN_UNDECLARED_SELECTOR = YES;
				GCC_WARN_UNINITIALIZED_AUTOS = YES_AGGRESSIVE;
				GCC_WARN_UNUSED_FUNCTION = YES;
				GCC_WARN_UNUSED_VARIABLE = YES;
				IPHONEOS_DEPLOYMENT_TARGET = 9.2;
				MTL_ENABLE_DEBUG_INFO = YES;
				ONLY_ACTIVE_ARCH = YES;
				SDKROOT = iphoneos;
				SWIFT_OPTIMIZATION_LEVEL = "-Onone";
			};
			name = Debug;
		};
		A792B3001C91E31A001B3BFB /* Release */ = {
			isa = XCBuildConfiguration;
			buildSettings = {
				ALWAYS_SEARCH_USER_PATHS = NO;
				CLANG_CXX_LANGUAGE_STANDARD = "gnu++0x";
				CLANG_CXX_LIBRARY = "libc++";
				CLANG_ENABLE_MODULES = YES;
				CLANG_ENABLE_OBJC_ARC = YES;
				CLANG_WARN_BOOL_CONVERSION = YES;
				CLANG_WARN_CONSTANT_CONVERSION = YES;
				CLANG_WARN_DIRECT_OBJC_ISA_USAGE = YES_ERROR;
				CLANG_WARN_EMPTY_BODY = YES;
				CLANG_WARN_ENUM_CONVERSION = YES;
				CLANG_WARN_INT_CONVERSION = YES;
				CLANG_WARN_OBJC_ROOT_CLASS = YES_ERROR;
				CLANG_WARN_UNREACHABLE_CODE = YES;
				CLANG_WARN__DUPLICATE_METHOD_MATCH = YES;
				"CODE_SIGN_IDENTITY[sdk=iphoneos*]" = "iPhone Developer";
				COPY_PHASE_STRIP = NO;
				DEBUG_INFORMATION_FORMAT = "dwarf-with-dsym";
				ENABLE_NS_ASSERTIONS = NO;
				ENABLE_STRICT_OBJC_MSGSEND = YES;
				GCC_C_LANGUAGE_STANDARD = gnu99;
				GCC_NO_COMMON_BLOCKS = YES;
				GCC_WARN_64_TO_32_BIT_CONVERSION = YES;
				GCC_WARN_ABOUT_RETURN_TYPE = YES_ERROR;
				GCC_WARN_UNDECLARED_SELECTOR = YES;
				GCC_WARN_UNINITIALIZED_AUTOS = YES_AGGRESSIVE;
				GCC_WARN_UNUSED_FUNCTION = YES;
				GCC_WARN_UNUSED_VARIABLE = YES;
				IPHONEOS_DEPLOYMENT_TARGET = 9.2;
				MTL_ENABLE_DEBUG_INFO = NO;
				SDKROOT = iphoneos;
				VALIDATE_PRODUCT = YES;
			};
			name = Release;
		};
		A792B3021C91E31A001B3BFB /* Debug */ = {
			isa = XCBuildConfiguration;
			buildSettings = {
				ASSETCATALOG_COMPILER_APPICON_NAME = AppIcon;
				INFOPLIST_FILE = "Santa Maria/Info.plist";
				LD_RUNPATH_SEARCH_PATHS = "$(inherited) @executable_path/Frameworks";
				PRODUCT_BUNDLE_IDENTIFIER = "com.coshx.Santa-Maria";
				PRODUCT_NAME = "$(TARGET_NAME)";
			};
			name = Debug;
		};
		A792B3031C91E31A001B3BFB /* Release */ = {
			isa = XCBuildConfiguration;
			buildSettings = {
				ASSETCATALOG_COMPILER_APPICON_NAME = AppIcon;
				INFOPLIST_FILE = "Santa Maria/Info.plist";
				LD_RUNPATH_SEARCH_PATHS = "$(inherited) @executable_path/Frameworks";
				PRODUCT_BUNDLE_IDENTIFIER = "com.coshx.Santa-Maria";
				PRODUCT_NAME = "$(TARGET_NAME)";
			};
			name = Release;
		};
/* End XCBuildConfiguration section */

/* Begin XCConfigurationList section */
		A792B2EA1C91E31A001B3BFB /* Build configuration list for PBXProject "Santa Maria" */ = {
			isa = XCConfigurationList;
			buildConfigurations = (
				A792B2FF1C91E31A001B3BFB /* Debug */,
				A792B3001C91E31A001B3BFB /* Release */,
			);
			defaultConfigurationIsVisible = 0;
			defaultConfigurationName = Release;
		};
		A792B3011C91E31A001B3BFB /* Build configuration list for PBXNativeTarget "Santa Maria" */ = {
			isa = XCConfigurationList;
			buildConfigurations = (
				A792B3021C91E31A001B3BFB /* Debug */,
				A792B3031C91E31A001B3BFB /* Release */,
			);
			defaultConfigurationIsVisible = 0;
		};
/* End XCConfigurationList section */
	};
	rootObject = A792B2E71C91E31A001B3BFB /* Project object */;
}
